
Microsoft Visual Studio Solution File, Format Version 12.00
# Visual Studio Version 16
VisualStudioVersion = 16.0.30717.126
MinimumVisualStudioVersion = 10.0.40219.1
Project("{8BC9CEB8-8B4A-11D0-8D11-00A0C91BC942}") = "AimGods", "AimGods.vcxproj", "{34A65C2D-064C-4CDA-8641-E8D663482B07}"
EndProject
Global
	GlobalSection(SolutionConfigurationPlatforms) = preSolution
		Debug|x64 = Debug|x64
		Debug|x86 = Debug|x86
		Release|x64 = Release|x64
		Release|x86 = Release|x86
	EndGlobalSection
	GlobalSection(ProjectConfigurationPlatforms) = postSolution
		{34A65C2D-064C-4CDA-8641-E8D663482B07}.Debug|x64.ActiveCfg = Debug|x64
		{34A65C2D-064C-4CDA-8641-E8D663482B07}.Debug|x64.Build.0 = Debug|x64
		{34A65C2D-064C-4CDA-8641-E8D663482B07}.Debug|x86.ActiveCfg = Debug|Win32
		{34A65C2D-064C-4CDA-8641-E8D663482B07}.Debug|x86.Build.0 = Debug|Win32
		{34A65C2D-064C-4CDA-8641-E8D663482B07}.Release|x64.ActiveCfg = Release|x64
		{34A65C2D-064C-4CDA-8641-E8D663482B07}.Release|x64.Build.0 = Release|x64
		{34A65C2D-064C-4CDA-8641-E8D663482B07}.Release|x86.ActiveCfg = Release|Win32
		{34A65C2D-064C-4CDA-8641-E8D663482B07}.Release|x86.Build.0 = Release|Win32
	EndGlobalSection
	GlobalSection(SolutionProperties) = preSolution
		HideSolutionNode = FALSE
	EndGlobalSection
	GlobalSection(ExtensibilityGlobals) = postSolution
		SolutionGuid = {2FDCEF6F-F600-471C-8401-83F7657CCC8A}
	EndGlobalSection
EndGlobal
